
Microsoft Visual Studio Solution File, Format Version 12.00
# Visual Studio Version 16
VisualStudioVersion = 16.0.30320.27
MinimumVisualStudioVersion = 10.0.40219.1
Project("{9A19103F-16F7-4668-BE54-9A1E7A4F7556}") = "Saber.Vendors.ResetCache", "Saber.Vendors.ResetCache.csproj", "{9A62A925-CD03-4154-AD59-447F09DE92E7}"
EndProject
Global
	GlobalSection(SolutionConfigurationPlatforms) = preSolution
		Debug|Any CPU = Debug|Any CPU
		Release|Any CPU = Release|Any CPU
	EndGlobalSection
	GlobalSection(ProjectConfigurationPlatforms) = postSolution
		{9A62A925-CD03-4154-AD59-447F09DE92E7}.Debug|Any CPU.ActiveCfg = Debug|Any CPU
		{9A62A925-CD03-4154-AD59-447F09DE92E7}.Debug|Any CPU.Build.0 = Debug|Any CPU
		{9A62A925-CD03-4154-AD59-447F09DE92E7}.Release|Any CPU.ActiveCfg = Release|Any CPU
		{9A62A925-CD03-4154-AD59-447F09DE92E7}.Release|Any CPU.Build.0 = Release|Any CPU
	EndGlobalSection
	GlobalSection(SolutionProperties) = preSolution
		HideSolutionNode = FALSE
	EndGlobalSection
	GlobalSection(ExtensibilityGlobals) = postSolution
		SolutionGuid = {238342DE-A985-4C47-8B55-B51205481383}
	EndGlobalSection
EndGlobal
